// !$*UTF8*$!
{
	archiveVersion = 1;
	classes = {
	};
	objectVersion = 46;
	objects = {

/* Begin PBXBuildFile section */
		0C8774471D053B57008961D8 /* HDsingInBgLGDViewController in Resources */ = {isa = PBXBuildFile; fileRef = 0C8774461D053B57008961D8 /* HDsingInBgLGDViewController */; };
		0C8774751D0562F9008961D8 /* HDlogInUILGDViewController in Resources */ = {isa = PBXBuildFile; fileRef = 0C8774741D0562F9008961D8 /* HDlogInUILGDViewController */; };
		182BDAB01CF74C0F0092719A /* HDDispatch.m in Sources */ = {isa = PBXBuildFile; fileRef = 182BDAAF1CF74C0F0092719A /* HDDispatch.m */; };
		18338B1E1CF690CF00D47E14 /* HDDispatcherManager.m in Sources */ = {isa = PBXBuildFile; fileRef = 18338B1D1CF690CF00D47E14 /* HDDispatcherManager.m */; };
		18338B221CF6914800D47E14 /* HDCacheManager.m in Sources */ = {isa = PBXBuildFile; fileRef = 18338B211CF6914800D47E14 /* HDCacheManager.m */; };
		189BCF6B1CF44EB0007A04F5 /* UITextField+HDValidate.m in Sources */ = {isa = PBXBuildFile; fileRef = 189BCF6A1CF44EB0007A04F5 /* UITextField+HDValidate.m */; };
		18FFD65D1CF43C5000F9E7FA /* main.m in Sources */ = {isa = PBXBuildFile; fileRef = 18FFD65C1CF43C5000F9E7FA /* main.m */; };
		18FFD6601CF43C5000F9E7FA /* AppDelegate.m in Sources */ = {isa = PBXBuildFile; fileRef = 18FFD65F1CF43C5000F9E7FA /* AppDelegate.m */; };
		18FFD6681CF43C5000F9E7FA /* Assets.xcassets in Resources */ = {isa = PBXBuildFile; fileRef = 18FFD6671CF43C5000F9E7FA /* Assets.xcassets */; };
		18FFD66B1CF43C5000F9E7FA /* LaunchScreen.storyboard in Resources */ = {isa = PBXBuildFile; fileRef = 18FFD6691CF43C5000F9E7FA /* LaunchScreen.storyboard */; };
		18FFD6761CF43C5000F9E7FA /* HomeworkDispatcherTests.m in Sources */ = {isa = PBXBuildFile; fileRef = 18FFD6751CF43C5000F9E7FA /* HomeworkDispatcherTests.m */; };
		18FFD6811CF43C5000F9E7FA /* HomeworkDispatcherUITests.m in Sources */ = {isa = PBXBuildFile; fileRef = 18FFD6801CF43C5000F9E7FA /* HomeworkDispatcherUITests.m */; };
		18FFD6901CF43CDC00F9E7FA /* HDAuthorizationManager.m in Sources */ = {isa = PBXBuildFile; fileRef = 18FFD68F1CF43CDC00F9E7FA /* HDAuthorizationManager.m */; };
		CBE2BB7A3B4BB5AA70206355 /* libPods-HomeworkDispatcher.a in Frameworks */ = {isa = PBXBuildFile; fileRef = 3F7E4D0235D624C63210193A /* libPods-HomeworkDispatcher.a */; };
/* End PBXBuildFile section */

/* Begin PBXContainerItemProxy section */
		18FFD6721CF43C5000F9E7FA /* PBXContainerItemProxy */ = {
			isa = PBXContainerItemProxy;
			containerPortal = 18FFD6501CF43C5000F9E7FA /* Project object */;
			proxyType = 1;
			remoteGlobalIDString = 18FFD6571CF43C5000F9E7FA;
			remoteInfo = JobJun;
		};
		18FFD67D1CF43C5000F9E7FA /* PBXContainerItemProxy */ = {
			isa = PBXContainerItemProxy;
			containerPortal = 18FFD6501CF43C5000F9E7FA /* Project object */;
			proxyType = 1;
			remoteGlobalIDString = 18FFD6571CF43C5000F9E7FA;
			remoteInfo = JobJun;
		};
/* End PBXContainerItemProxy section */

/* Begin PBXFileReference section */
		0C8774461D053B57008961D8 /* HDsingInBgLGDViewController */ = {isa = PBXFileReference; lastKnownFileType = folder; path = HDsingInBgLGDViewController; sourceTree = "<group>"; };
		0C8774741D0562F9008961D8 /* HDlogInUILGDViewController */ = {isa = PBXFileReference; lastKnownFileType = folder; path = HDlogInUILGDViewController; sourceTree = "<group>"; };
		182BDAAE1CF74C0F0092719A /* HDDispatch.h */ = {isa = PBXFileReference; fileEncoding = 4; lastKnownFileType = sourcecode.c.h; path = HDDispatch.h; sourceTree = "<group>"; };
		182BDAAF1CF74C0F0092719A /* HDDispatch.m */ = {isa = PBXFileReference; fileEncoding = 4; lastKnownFileType = sourcecode.c.objc; path = HDDispatch.m; sourceTree = "<group>"; };
		18338B1C1CF690CF00D47E14 /* HDDispatcherManager.h */ = {isa = PBXFileReference; fileEncoding = 4; lastKnownFileType = sourcecode.c.h; name = HDDispatcherManager.h; path = HomeworkDispatcher/HDDispatcherManager.h; sourceTree = "<group>"; };
		18338B1D1CF690CF00D47E14 /* HDDispatcherManager.m */ = {isa = PBXFileReference; fileEncoding = 4; lastKnownFileType = sourcecode.c.objc; name = HDDispatcherManager.m; path = HomeworkDispatcher/HDDispatcherManager.m; sourceTree = "<group>"; };
		18338B201CF6914800D47E14 /* HDCacheManager.h */ = {isa = PBXFileReference; fileEncoding = 4; lastKnownFileType = sourcecode.c.h; path = HDCacheManager.h; sourceTree = "<group>"; };
		18338B211CF6914800D47E14 /* HDCacheManager.m */ = {isa = PBXFileReference; fileEncoding = 4; lastKnownFileType = sourcecode.c.objc; path = HDCacheManager.m; sourceTree = "<group>"; };
		189BCF691CF44EB0007A04F5 /* UITextField+HDValidate.h */ = {isa = PBXFileReference; fileEncoding = 4; lastKnownFileType = sourcecode.c.h; name = "UITextField+HDValidate.h"; path = "HomeworkDispatcher/UITextField+HDValidate.h"; sourceTree = "<group>"; };
		189BCF6A1CF44EB0007A04F5 /* UITextField+HDValidate.m */ = {isa = PBXFileReference; fileEncoding = 4; lastKnownFileType = sourcecode.c.objc; name = "UITextField+HDValidate.m"; path = "HomeworkDispatcher/UITextField+HDValidate.m"; sourceTree = "<group>"; };
		18FFD6581CF43C5000F9E7FA /* HomeworkDispatcher.app */ = {isa = PBXFileReference; explicitFileType = wrapper.application; includeInIndex = 0; path = HomeworkDispatcher.app; sourceTree = BUILT_PRODUCTS_DIR; };
		18FFD65C1CF43C5000F9E7FA /* main.m */ = {isa = PBXFileReference; lastKnownFileType = sourcecode.c.objc; path = main.m; sourceTree = "<group>"; };
		18FFD65E1CF43C5000F9E7FA /* AppDelegate.h */ = {isa = PBXFileReference; lastKnownFileType = sourcecode.c.h; path = AppDelegate.h; sourceTree = "<group>"; };
		18FFD65F1CF43C5000F9E7FA /* AppDelegate.m */ = {isa = PBXFileReference; lastKnownFileType = sourcecode.c.objc; path = AppDelegate.m; sourceTree = "<group>"; };
		18FFD6671CF43C5000F9E7FA /* Assets.xcassets */ = {isa = PBXFileReference; lastKnownFileType = folder.assetcatalog; path = Assets.xcassets; sourceTree = "<group>"; };
		18FFD66A1CF43C5000F9E7FA /* Base */ = {isa = PBXFileReference; lastKnownFileType = file.storyboard; name = Base; path = Base.lproj/LaunchScreen.storyboard; sourceTree = "<group>"; };
		18FFD66C1CF43C5000F9E7FA /* Info.plist */ = {isa = PBXFileReference; lastKnownFileType = text.plist.xml; path = Info.plist; sourceTree = "<group>"; };
		18FFD6711CF43C5000F9E7FA /* HomeworkDispatcher.xctest */ = {isa = PBXFileReference; explicitFileType = wrapper.cfbundle; includeInIndex = 0; path = HomeworkDispatcher.xctest; sourceTree = BUILT_PRODUCTS_DIR; };
		18FFD6751CF43C5000F9E7FA /* HomeworkDispatcherTests.m */ = {isa = PBXFileReference; lastKnownFileType = sourcecode.c.objc; path = HomeworkDispatcherTests.m; sourceTree = "<group>"; };
		18FFD6771CF43C5000F9E7FA /* Info.plist */ = {isa = PBXFileReference; lastKnownFileType = text.plist.xml; path = Info.plist; sourceTree = "<group>"; };
		18FFD67C1CF43C5000F9E7FA /* HomeworkDispatcher.xctest */ = {isa = PBXFileReference; explicitFileType = wrapper.cfbundle; includeInIndex = 0; path = HomeworkDispatcher.xctest; sourceTree = BUILT_PRODUCTS_DIR; };
		18FFD6801CF43C5000F9E7FA /* HomeworkDispatcherUITests.m */ = {isa = PBXFileReference; lastKnownFileType = sourcecode.c.objc; path = HomeworkDispatcherUITests.m; sourceTree = "<group>"; };
		18FFD6821CF43C5000F9E7FA /* Info.plist */ = {isa = PBXFileReference; lastKnownFileType = text.plist.xml; path = Info.plist; sourceTree = "<group>"; };
		18FFD68E1CF43CD100F9E7FA /* HDAuthorizationManager.h */ = {isa = PBXFileReference; fileEncoding = 4; lastKnownFileType = sourcecode.c.h; name = HDAuthorizationManager.h; path = HomeworkDispatcher/HDAuthorizationManager.h; sourceTree = "<group>"; };
		18FFD68F1CF43CDC00F9E7FA /* HDAuthorizationManager.m */ = {isa = PBXFileReference; fileEncoding = 4; lastKnownFileType = sourcecode.c.objc; name = HDAuthorizationManager.m; path = HomeworkDispatcher/HDAuthorizationManager.m; sourceTree = "<group>"; };
		18FFD6911CF43E4300F9E7FA /* HDCommon.h */ = {isa = PBXFileReference; lastKnownFileType = sourcecode.c.h; path = HDCommon.h; sourceTree = "<group>"; };
		3F7E4D0235D624C63210193A /* libPods-HomeworkDispatcher.a */ = {isa = PBXFileReference; explicitFileType = archive.ar; includeInIndex = 0; path = "libPods-HomeworkDispatcher.a"; sourceTree = BUILT_PRODUCTS_DIR; };
		52ED8EDC96E5F31825BD8891 /* Pods-HomeworkDispatcher.release.xcconfig */ = {isa = PBXFileReference; includeInIndex = 1; lastKnownFileType = text.xcconfig; name = "Pods-HomeworkDispatcher.release.xcconfig"; path = "Pods/Target Support Files/Pods-HomeworkDispatcher/Pods-HomeworkDispatcher.release.xcconfig"; sourceTree = "<group>"; };
		7CD7E554186B2892E8683B68 /* Pods-HomeworkDispatcher.debug.xcconfig */ = {isa = PBXFileReference; includeInIndex = 1; lastKnownFileType = text.xcconfig; name = "Pods-HomeworkDispatcher.debug.xcconfig"; path = "Pods/Target Support Files/Pods-HomeworkDispatcher/Pods-HomeworkDispatcher.debug.xcconfig"; sourceTree = "<group>"; };
/* End PBXFileReference section */

/* Begin PBXFrameworksBuildPhase section */
		18FFD6551CF43C5000F9E7FA /* Frameworks */ = {
			isa = PBXFrameworksBuildPhase;
			buildActionMask = 2147483647;
			files = (
				CBE2BB7A3B4BB5AA70206355 /* libPods-HomeworkDispatcher.a in Frameworks */,
			);
			runOnlyForDeploymentPostprocessing = 0;
		};
		18FFD66E1CF43C5000F9E7FA /* Frameworks */ = {
			isa = PBXFrameworksBuildPhase;
			buildActionMask = 2147483647;
			files = (
			);
			runOnlyForDeploymentPostprocessing = 0;
		};
		18FFD6791CF43C5000F9E7FA /* Frameworks */ = {
			isa = PBXFrameworksBuildPhase;
			buildActionMask = 2147483647;
			files = (
			);
			runOnlyForDeploymentPostprocessing = 0;
		};
/* End PBXFrameworksBuildPhase section */

/* Begin PBXGroup section */
		182BDAAD1CF74BC40092719A /* Class */ = {
			isa = PBXGroup;
			children = (
				0C8774741D0562F9008961D8 /* HDlogInUILGDViewController */,
				0C8774461D053B57008961D8 /* HDsingInBgLGDViewController */,
				189BCF691CF44EB0007A04F5 /* UITextField+HDValidate.h */,
				189BCF6A1CF44EB0007A04F5 /* UITextField+HDValidate.m */,
				182BDAAE1CF74C0F0092719A /* HDDispatch.h */,
				182BDAAF1CF74C0F0092719A /* HDDispatch.m */,
			);
			name = Class;
			sourceTree = "<group>";
		};
		18338B1F1CF690F600D47E14 /* Manager */ = {
			isa = PBXGroup;
			children = (
				18338B1C1CF690CF00D47E14 /* HDDispatcherManager.h */,
				18338B1D1CF690CF00D47E14 /* HDDispatcherManager.m */,
				18338B201CF6914800D47E14 /* HDCacheManager.h */,
				18338B211CF6914800D47E14 /* HDCacheManager.m */,
				18FFD68E1CF43CD100F9E7FA /* HDAuthorizationManager.h */,
				18FFD68F1CF43CDC00F9E7FA /* HDAuthorizationManager.m */,
			);
			name = Manager;
			sourceTree = "<group>";
		};
		18FFD64F1CF43C5000F9E7FA = {
			isa = PBXGroup;
			children = (
				182BDAAD1CF74BC40092719A /* Class */,
				18338B1F1CF690F600D47E14 /* Manager */,
				18FFD65A1CF43C5000F9E7FA /* HomeworkDispatcher */,
				18FFD6741CF43C5000F9E7FA /* HomeworkDispatcherTests */,
				18FFD67F1CF43C5000F9E7FA /* HomeworkDispatcherUITests */,
				18FFD6591CF43C5000F9E7FA /* Products */,
				7E5731F2BB435A3A1A5566B5 /* Pods */,
				E074C9906C420FA895FE2DA0 /* Frameworks */,
			);
			sourceTree = "<group>";
		};
		18FFD6591CF43C5000F9E7FA /* Products */ = {
			isa = PBXGroup;
			children = (
				18FFD6581CF43C5000F9E7FA /* HomeworkDispatcher.app */,
				18FFD6711CF43C5000F9E7FA /* HomeworkDispatcher.xctest */,
				18FFD67C1CF43C5000F9E7FA /* HomeworkDispatcher.xctest */,
			);
			name = Products;
			sourceTree = "<group>";
		};
		18FFD65A1CF43C5000F9E7FA /* HomeworkDispatcher */ = {
			isa = PBXGroup;
			children = (
				18FFD65E1CF43C5000F9E7FA /* AppDelegate.h */,
				18FFD65F1CF43C5000F9E7FA /* AppDelegate.m */,
				18FFD6911CF43E4300F9E7FA /* HDCommon.h */,
				18FFD6671CF43C5000F9E7FA /* Assets.xcassets */,
				18FFD6691CF43C5000F9E7FA /* LaunchScreen.storyboard */,
				18FFD66C1CF43C5000F9E7FA /* Info.plist */,
				18FFD65B1CF43C5000F9E7FA /* Supporting Files */,
			);
			path = HomeworkDispatcher;
			sourceTree = "<group>";
		};
		18FFD65B1CF43C5000F9E7FA /* Supporting Files */ = {
			isa = PBXGroup;
			children = (
				18FFD65C1CF43C5000F9E7FA /* main.m */,
			);
			name = "Supporting Files";
			sourceTree = "<group>";
		};
		18FFD6741CF43C5000F9E7FA /* HomeworkDispatcherTests */ = {
			isa = PBXGroup;
			children = (
				18FFD6751CF43C5000F9E7FA /* HomeworkDispatcherTests.m */,
				18FFD6771CF43C5000F9E7FA /* Info.plist */,
			);
			path = HomeworkDispatcherTests;
			sourceTree = "<group>";
		};
		18FFD67F1CF43C5000F9E7FA /* HomeworkDispatcherUITests */ = {
			isa = PBXGroup;
			children = (
				18FFD6801CF43C5000F9E7FA /* HomeworkDispatcherUITests.m */,
				18FFD6821CF43C5000F9E7FA /* Info.plist */,
			);
			path = HomeworkDispatcherUITests;
			sourceTree = "<group>";
		};
		7E5731F2BB435A3A1A5566B5 /* Pods */ = {
			isa = PBXGroup;
			children = (
				7CD7E554186B2892E8683B68 /* Pods-HomeworkDispatcher.debug.xcconfig */,
				52ED8EDC96E5F31825BD8891 /* Pods-HomeworkDispatcher.release.xcconfig */,
			);
			name = Pods;
			sourceTree = "<group>";
		};
		E074C9906C420FA895FE2DA0 /* Frameworks */ = {
			isa = PBXGroup;
			children = (
				3F7E4D0235D624C63210193A /* libPods-HomeworkDispatcher.a */,
			);
			name = Frameworks;
			sourceTree = "<group>";
		};
/* End PBXGroup section */

/* Begin PBXNativeTarget section */
		18FFD6571CF43C5000F9E7FA /* HomeworkDispatcher */ = {
			isa = PBXNativeTarget;
			buildConfigurationList = 18FFD6851CF43C5000F9E7FA /* Build configuration list for PBXNativeTarget "HomeworkDispatcher" */;
			buildPhases = (
				4C9648FD08A2AF178587942B /* 📦 Check Pods Manifest.lock */,
				18FFD6541CF43C5000F9E7FA /* Sources */,
				18FFD6551CF43C5000F9E7FA /* Frameworks */,
				18FFD6561CF43C5000F9E7FA /* Resources */,
				7E52A096D69EF6B0DD472B51 /* 📦 Embed Pods Frameworks */,
				4C6635F1BE81225BEFCAB223 /* 📦 Copy Pods Resources */,
			);
			buildRules = (
			);
			dependencies = (
			);
			name = HomeworkDispatcher;
			productName = JobJun;
			productReference = 18FFD6581CF43C5000F9E7FA /* HomeworkDispatcher.app */;
			productType = "com.apple.product-type.application";
		};
		18FFD6701CF43C5000F9E7FA /* HomeworkDispatcherTests */ = {
			isa = PBXNativeTarget;
			buildConfigurationList = 18FFD6881CF43C5000F9E7FA /* Build configuration list for PBXNativeTarget "HomeworkDispatcherTests" */;
			buildPhases = (
				18FFD66D1CF43C5000F9E7FA /* Sources */,
				18FFD66E1CF43C5000F9E7FA /* Frameworks */,
				18FFD66F1CF43C5000F9E7FA /* Resources */,
			);
			buildRules = (
			);
			dependencies = (
				18FFD6731CF43C5000F9E7FA /* PBXTargetDependency */,
			);
			name = HomeworkDispatcherTests;
			productName = JobJunTests;
			productReference = 18FFD6711CF43C5000F9E7FA /* HomeworkDispatcher.xctest */;
			productType = "com.apple.product-type.bundle.unit-test";
		};
		18FFD67B1CF43C5000F9E7FA /* HomeworkDispatcherUITests */ = {
			isa = PBXNativeTarget;
			buildConfigurationList = 18FFD68B1CF43C5000F9E7FA /* Build configuration list for PBXNativeTarget "HomeworkDispatcherUITests" */;
			buildPhases = (
				18FFD6781CF43C5000F9E7FA /* Sources */,
				18FFD6791CF43C5000F9E7FA /* Frameworks */,
				18FFD67A1CF43C5000F9E7FA /* Resources */,
			);
			buildRules = (
			);
			dependencies = (
				18FFD67E1CF43C5000F9E7FA /* PBXTargetDependency */,
			);
			name = HomeworkDispatcherUITests;
			productName = JobJunUITests;
			productReference = 18FFD67C1CF43C5000F9E7FA /* HomeworkDispatcher.xctest */;
			productType = "com.apple.product-type.bundle.ui-testing";
		};
/* End PBXNativeTarget section */

/* Begin PBXProject section */
		18FFD6501CF43C5000F9E7FA /* Project object */ = {
			isa = PBXProject;
			attributes = {
				LastUpgradeCheck = 0730;
				ORGANIZATIONNAME = Apple;
				TargetAttributes = {
					18FFD6571CF43C5000F9E7FA = {
						CreatedOnToolsVersion = 7.3.1;
					};
					18FFD6701CF43C5000F9E7FA = {
						CreatedOnToolsVersion = 7.3.1;
						TestTargetID = 18FFD6571CF43C5000F9E7FA;
					};
					18FFD67B1CF43C5000F9E7FA = {
						CreatedOnToolsVersion = 7.3.1;
						TestTargetID = 18FFD6571CF43C5000F9E7FA;
					};
				};
			};
			buildConfigurationList = 18FFD6531CF43C5000F9E7FA /* Build configuration list for PBXProject "HomeworkDispatcher" */;
			compatibilityVersion = "Xcode 3.2";
			developmentRegion = English;
			hasScannedForEncodings = 0;
			knownRegions = (
				en,
				Base,
			);
			mainGroup = 18FFD64F1CF43C5000F9E7FA;
			productRefGroup = 18FFD6591CF43C5000F9E7FA /* Products */;
			projectDirPath = "";
			projectRoot = "";
			targets = (
				18FFD6571CF43C5000F9E7FA /* HomeworkDispatcher */,
				18FFD6701CF43C5000F9E7FA /* HomeworkDispatcherTests */,
				18FFD67B1CF43C5000F9E7FA /* HomeworkDispatcherUITests */,
			);
		};
/* End PBXProject section */

/* Begin PBXResourcesBuildPhase section */
		18FFD6561CF43C5000F9E7FA /* Resources */ = {
			isa = PBXResourcesBuildPhase;
			buildActionMask = 2147483647;
			files = (
				18FFD66B1CF43C5000F9E7FA /* LaunchScreen.storyboard in Resources */,
				0C8774471D053B57008961D8 /* HDsingInBgLGDViewController in Resources */,
				18FFD6681CF43C5000F9E7FA /* Assets.xcassets in Resources */,
				0C8774751D0562F9008961D8 /* HDlogInUILGDViewController in Resources */,
			);
			runOnlyForDeploymentPostprocessing = 0;
		};
		18FFD66F1CF43C5000F9E7FA /* Resources */ = {
			isa = PBXResourcesBuildPhase;
			buildActionMask = 2147483647;
			files = (
			);
			runOnlyForDeploymentPostprocessing = 0;
		};
		18FFD67A1CF43C5000F9E7FA /* Resources */ = {
			isa = PBXResourcesBuildPhase;
			buildActionMask = 2147483647;
			files = (
			);
			runOnlyForDeploymentPostprocessing = 0;
		};
/* End PBXResourcesBuildPhase section */

/* Begin PBXShellScriptBuildPhase section */
		4C6635F1BE81225BEFCAB223 /* 📦 Copy Pods Resources */ = {
			isa = PBXShellScriptBuildPhase;
			buildActionMask = 2147483647;
			files = (
			);
			inputPaths = (
			);
			name = "📦 Copy Pods Resources";
			outputPaths = (
			);
			runOnlyForDeploymentPostprocessing = 0;
			shellPath = /bin/sh;
			shellScript = "\"${SRCROOT}/Pods/Target Support Files/Pods-HomeworkDispatcher/Pods-HomeworkDispatcher-resources.sh\"\n";
			showEnvVarsInLog = 0;
		};
		4C9648FD08A2AF178587942B /* 📦 Check Pods Manifest.lock */ = {
			isa = PBXShellScriptBuildPhase;
			buildActionMask = 2147483647;
			files = (
			);
			inputPaths = (
			);
			name = "📦 Check Pods Manifest.lock";
			outputPaths = (
			);
			runOnlyForDeploymentPostprocessing = 0;
			shellPath = /bin/sh;
			shellScript = "diff \"${PODS_ROOT}/../Podfile.lock\" \"${PODS_ROOT}/Manifest.lock\" > /dev/null\nif [[ $? != 0 ]] ; then\n    cat << EOM\nerror: The sandbox is not in sync with the Podfile.lock. Run 'pod install' or update your CocoaPods installation.\nEOM\n    exit 1\nfi\n";
			showEnvVarsInLog = 0;
		};
		7E52A096D69EF6B0DD472B51 /* 📦 Embed Pods Frameworks */ = {
			isa = PBXShellScriptBuildPhase;
			buildActionMask = 2147483647;
			files = (
			);
			inputPaths = (
			);
			name = "📦 Embed Pods Frameworks";
			outputPaths = (
			);
			runOnlyForDeploymentPostprocessing = 0;
			shellPath = /bin/sh;
			shellScript = "\"${SRCROOT}/Pods/Target Support Files/Pods-HomeworkDispatcher/Pods-HomeworkDispatcher-frameworks.sh\"\n";
			showEnvVarsInLog = 0;
		};
/* End PBXShellScriptBuildPhase section */

/* Begin PBXSourcesBuildPhase section */
		18FFD6541CF43C5000F9E7FA /* Sources */ = {
			isa = PBXSourcesBuildPhase;
			buildActionMask = 2147483647;
			files = (
				182BDAB01CF74C0F0092719A /* HDDispatch.m in Sources */,
				18338B1E1CF690CF00D47E14 /* HDDispatcherManager.m in Sources */,
				18FFD6601CF43C5000F9E7FA /* AppDelegate.m in Sources */,
				18338B221CF6914800D47E14 /* HDCacheManager.m in Sources */,
				18FFD65D1CF43C5000F9E7FA /* main.m in Sources */,
				18FFD6901CF43CDC00F9E7FA /* HDAuthorizationManager.m in Sources */,
				189BCF6B1CF44EB0007A04F5 /* UITextField+HDValidate.m in Sources */,
			);
			runOnlyForDeploymentPostprocessing = 0;
		};
		18FFD66D1CF43C5000F9E7FA /* Sources */ = {
			isa = PBXSourcesBuildPhase;
			buildActionMask = 2147483647;
			files = (
				18FFD6761CF43C5000F9E7FA /* HomeworkDispatcherTests.m in Sources */,
			);
			runOnlyForDeploymentPostprocessing = 0;
		};
		18FFD6781CF43C5000F9E7FA /* Sources */ = {
			isa = PBXSourcesBuildPhase;
			buildActionMask = 2147483647;
			files = (
				18FFD6811CF43C5000F9E7FA /* HomeworkDispatcherUITests.m in Sources */,
			);
			runOnlyForDeploymentPostprocessing = 0;
		};
/* End PBXSourcesBuildPhase section */

/* Begin PBXTargetDependency section */
		18FFD6731CF43C5000F9E7FA /* PBXTargetDependency */ = {
			isa = PBXTargetDependency;
			target = 18FFD6571CF43C5000F9E7FA /* HomeworkDispatcher */;
			targetProxy = 18FFD6721CF43C5000F9E7FA /* PBXContainerItemProxy */;
		};
		18FFD67E1CF43C5000F9E7FA /* PBXTargetDependency */ = {
			isa = PBXTargetDependency;
			target = 18FFD6571CF43C5000F9E7FA /* HomeworkDispatcher */;
			targetProxy = 18FFD67D1CF43C5000F9E7FA /* PBXContainerItemProxy */;
		};
/* End PBXTargetDependency section */

/* Begin PBXVariantGroup section */
		18FFD6691CF43C5000F9E7FA /* LaunchScreen.storyboard */ = {
			isa = PBXVariantGroup;
			children = (
				18FFD66A1CF43C5000F9E7FA /* Base */,
			);
			name = LaunchScreen.storyboard;
			sourceTree = "<group>";
		};
/* End PBXVariantGroup section */

/* Begin XCBuildConfiguration section */
		18FFD6831CF43C5000F9E7FA /* Debug */ = {
			isa = XCBuildConfiguration;
			buildSettings = {
				ALWAYS_SEARCH_USER_PATHS = NO;
				CLANG_ANALYZER_NONNULL = YES;
				CLANG_CXX_LANGUAGE_STANDARD = "gnu++0x";
				CLANG_CXX_LIBRARY = "libc++";
				CLANG_ENABLE_MODULES = YES;
				CLANG_ENABLE_OBJC_ARC = YES;
				CLANG_WARN_BOOL_CONVERSION = YES;
				CLANG_WARN_CONSTANT_CONVERSION = YES;
				CLANG_WARN_DIRECT_OBJC_ISA_USAGE = YES_ERROR;
				CLANG_WARN_EMPTY_BODY = YES;
				CLANG_WARN_ENUM_CONVERSION = YES;
				CLANG_WARN_INT_CONVERSION = YES;
				CLANG_WARN_OBJC_ROOT_CLASS = YES_ERROR;
				CLANG_WARN_UNREACHABLE_CODE = YES;
				CLANG_WARN__DUPLICATE_METHOD_MATCH = YES;
				"CODE_SIGN_IDENTITY[sdk=iphoneos*]" = "iPhone Developer";
				COPY_PHASE_STRIP = NO;
				DEBUG_INFORMATION_FORMAT = dwarf;
				ENABLE_STRICT_OBJC_MSGSEND = YES;
				ENABLE_TESTABILITY = YES;
				GCC_C_LANGUAGE_STANDARD = gnu99;
				GCC_DYNAMIC_NO_PIC = NO;
				GCC_NO_COMMON_BLOCKS = YES;
				GCC_OPTIMIZATION_LEVEL = 0;
				GCC_PREPROCESSOR_DEFINITIONS = (
					"DEBUG=1",
					"$(inherited)",
				);
				GCC_WARN_64_TO_32_BIT_CONVERSION = YES;
				GCC_WARN_ABOUT_RETURN_TYPE = YES_ERROR;
				GCC_WARN_UNDECLARED_SELECTOR = YES;
				GCC_WARN_UNINITIALIZED_AUTOS = YES_AGGRESSIVE;
				GCC_WARN_UNUSED_FUNCTION = YES;
				GCC_WARN_UNUSED_VARIABLE = YES;
				IPHONEOS_DEPLOYMENT_TARGET = 9.3;
				MTL_ENABLE_DEBUG_INFO = YES;
				ONLY_ACTIVE_ARCH = YES;
				SDKROOT = iphoneos;
				TARGETED_DEVICE_FAMILY = "1,2";
			};
			name = Debug;
		};
		18FFD6841CF43C5000F9E7FA /* Release */ = {
			isa = XCBuildConfiguration;
			buildSettings = {
				ALWAYS_SEARCH_USER_PATHS = NO;
				CLANG_ANALYZER_NONNULL = YES;
				CLANG_CXX_LANGUAGE_STANDARD = "gnu++0x";
				CLANG_CXX_LIBRARY = "libc++";
				CLANG_ENABLE_MODULES = YES;
				CLANG_ENABLE_OBJC_ARC = YES;
				CLANG_WARN_BOOL_CONVERSION = YES;
				CLANG_WARN_CONSTANT_CONVERSION = YES;
				CLANG_WARN_DIRECT_OBJC_ISA_USAGE = YES_ERROR;
				CLANG_WARN_EMPTY_BODY = YES;
				CLANG_WARN_ENUM_CONVERSION = YES;
				CLANG_WARN_INT_CONVERSION = YES;
				CLANG_WARN_OBJC_ROOT_CLASS = YES_ERROR;
				CLANG_WARN_UNREACHABLE_CODE = YES;
				CLANG_WARN__DUPLICATE_METHOD_MATCH = YES;
				"CODE_SIGN_IDENTITY[sdk=iphoneos*]" = "iPhone Developer";
				COPY_PHASE_STRIP = NO;
				DEBUG_INFORMATION_FORMAT = "dwarf-with-dsym";
				ENABLE_NS_ASSERTIONS = NO;
				ENABLE_STRICT_OBJC_MSGSEND = YES;
				GCC_C_LANGUAGE_STANDARD = gnu99;
				GCC_NO_COMMON_BLOCKS = YES;
				GCC_WARN_64_TO_32_BIT_CONVERSION = YES;
				GCC_WARN_ABOUT_RETURN_TYPE = YES_ERROR;
				GCC_WARN_UNDECLARED_SELECTOR = YES;
				GCC_WARN_UNINITIALIZED_AUTOS = YES_AGGRESSIVE;
				GCC_WARN_UNUSED_FUNCTION = YES;
				GCC_WARN_UNUSED_VARIABLE = YES;
				IPHONEOS_DEPLOYMENT_TARGET = 9.3;
				MTL_ENABLE_DEBUG_INFO = NO;
				SDKROOT = iphoneos;
				TARGETED_DEVICE_FAMILY = "1,2";
				VALIDATE_PRODUCT = YES;
			};
			name = Release;
		};
		18FFD6861CF43C5000F9E7FA /* Debug */ = {
			isa = XCBuildConfiguration;
			baseConfigurationReference = 7CD7E554186B2892E8683B68 /* Pods-HomeworkDispatcher.debug.xcconfig */;
			buildSettings = {
				ASSETCATALOG_COMPILER_APPICON_NAME = AppIcon;
				INFOPLIST_FILE = HomeworkDispatcher/Info.plist;
				LD_RUNPATH_SEARCH_PATHS = "$(inherited) @executable_path/Frameworks";
				PRODUCT_BUNDLE_IDENTIFIER = aaa.HomeworkDispatcher;
				PRODUCT_NAME = HomeworkDispatcher;
			};
			name = Debug;
		};
		18FFD6871CF43C5000F9E7FA /* Release */ = {
			isa = XCBuildConfiguration;
			baseConfigurationReference = 52ED8EDC96E5F31825BD8891 /* Pods-HomeworkDispatcher.release.xcconfig */;
			buildSettings = {
				ASSETCATALOG_COMPILER_APPICON_NAME = AppIcon;
				INFOPLIST_FILE = HomeworkDispatcher/Info.plist;
				LD_RUNPATH_SEARCH_PATHS = "$(inherited) @executable_path/Frameworks";
				PRODUCT_BUNDLE_IDENTIFIER = aaa.HomeworkDispatcher;
				PRODUCT_NAME = HomeworkDispatcher;
			};
			name = Release;
		};
		18FFD6891CF43C5000F9E7FA /* Debug */ = {
			isa = XCBuildConfiguration;
			buildSettings = {
				BUNDLE_LOADER = "$(TEST_HOST)";
				INFOPLIST_FILE = HomeworkDispatcherTests/Info.plist;
				LD_RUNPATH_SEARCH_PATHS = "$(inherited) @executable_path/Frameworks @loader_path/Frameworks";
				PRODUCT_BUNDLE_IDENTIFIER = aaa.HomeworkDispatcherTests;
				PRODUCT_NAME = HomeworkDispatcher;
				TEST_HOST = "$(BUILT_PRODUCTS_DIR)/HomeworkDispatcher.app/HomeworkDispatcher";
			};
			name = Debug;
		};
		18FFD68A1CF43C5000F9E7FA /* Release */ = {
			isa = XCBuildConfiguration;
			buildSettings = {
				BUNDLE_LOADER = "$(TEST_HOST)";
				INFOPLIST_FILE = HomeworkDispatcherTests/Info.plist;
				LD_RUNPATH_SEARCH_PATHS = "$(inherited) @executable_path/Frameworks @loader_path/Frameworks";
				PRODUCT_BUNDLE_IDENTIFIER = aaa.HomeworkDispatcherTests;
				PRODUCT_NAME = HomeworkDispatcher;
				TEST_HOST = "$(BUILT_PRODUCTS_DIR)/HomeworkDispatcher.app/HomeworkDispatcher";
			};
			name = Release;
		};
		18FFD68C1CF43C5000F9E7FA /* Debug */ = {
			isa = XCBuildConfiguration;
			buildSettings = {
				INFOPLIST_FILE = HomeworkDispatcherUITests/Info.plist;
				LD_RUNPATH_SEARCH_PATHS = "$(inherited) @executable_path/Frameworks @loader_path/Frameworks";
				PRODUCT_BUNDLE_IDENTIFIER = aaa.HomeworkDispatcherUITests;
				PRODUCT_NAME = HomeworkDispatcher;
				TEST_TARGET_NAME = HomeworkDispatcher;
			};
			name = Debug;
		};
		18FFD68D1CF43C5000F9E7FA /* Release */ = {
			isa = XCBuildConfiguration;
			buildSettings = {
				INFOPLIST_FILE = HomeworkDispatcherUITests/Info.plist;
				LD_RUNPATH_SEARCH_PATHS = "$(inherited) @executable_path/Frameworks @loader_path/Frameworks";
				PRODUCT_BUNDLE_IDENTIFIER = aaa.HomeworkDispatcherUITests;
				PRODUCT_NAME = HomeworkDispatcher;
				TEST_TARGET_NAME = HomeworkDispatcher;
			};
			name = Release;
		};
/* End XCBuildConfiguration section */

/* Begin XCConfigurationList section */
		18FFD6531CF43C5000F9E7FA /* Build configuration list for PBXProject "HomeworkDispatcher" */ = {
			isa = XCConfigurationList;
			buildConfigurations = (
				18FFD6831CF43C5000F9E7FA /* Debug */,
				18FFD6841CF43C5000F9E7FA /* Release */,
			);
			defaultConfigurationIsVisible = 0;
			defaultConfigurationName = Release;
		};
		18FFD6851CF43C5000F9E7FA /* Build configuration list for PBXNativeTarget "HomeworkDispatcher" */ = {
			isa = XCConfigurationList;
			buildConfigurations = (
				18FFD6861CF43C5000F9E7FA /* Debug */,
				18FFD6871CF43C5000F9E7FA /* Release */,
			);
			defaultConfigurationIsVisible = 0;
			defaultConfigurationName = Release;
		};
		18FFD6881CF43C5000F9E7FA /* Build configuration list for PBXNativeTarget "HomeworkDispatcherTests" */ = {
			isa = XCConfigurationList;
			buildConfigurations = (
				18FFD6891CF43C5000F9E7FA /* Debug */,
				18FFD68A1CF43C5000F9E7FA /* Release */,
			);
			defaultConfigurationIsVisible = 0;
			defaultConfigurationName = Release;
		};
		18FFD68B1CF43C5000F9E7FA /* Build configuration list for PBXNativeTarget "HomeworkDispatcherUITests" */ = {
			isa = XCConfigurationList;
			buildConfigurations = (
				18FFD68C1CF43C5000F9E7FA /* Debug */,
				18FFD68D1CF43C5000F9E7FA /* Release */,
			);
			defaultConfigurationIsVisible = 0;
			defaultConfigurationName = Release;
		};
/* End XCConfigurationList section */
	};
	rootObject = 18FFD6501CF43C5000F9E7FA /* Project object */;
}
